{
  "name": "@doop/validate",
  "version": "1.1.0",
  "lockfileVersion": 2,
  "requires": true,
  "packages": {
    "": {
      "name": "@doop/validate",
      "version": "1.1.0",
      "license": "MIT",
      "workspaces": [
        "../*"
      ]
    },
    "../doop-avatar": {
      "version": "1.0.0",
      "license": "MIT",
      "workspaces": [
        "../*"
      ],
      "dependencies": {
        "@doop/files": "^1.0.2",
        "jscrypto": "^1.0.3"
      }
    },
    "../doop-clipboard": {
      "version": "1.0.1",
      "license": "MIT",
      "workspaces": [
        "../*"
      ]
    },
    "../doop-code-alloc": {
      "version": "1.0.1",
      "license": "MIT",
      "workspaces": [
        "../*"
      ],
      "dependencies": {
        "@momsfriendlydevco/mongoosy": "^1.4.1",
        "handlebars": "^4.7.7",
        "lodash": "^4.17.21"
      }
    },
    "../doop-config": {
      "version": "1.0.0",
      "license": "MIT",
      "workspaces": [
        "../*"
      ]
    },
    "../doop-core-vue": {
      "version": "0.0.23",
      "license": "MIT",
      "workspaces": [
        "../*"
      ],
      "dependencies": {
        "babel-loader": "^8.2.2",
        "clean-webpack-plugin": "^4.0.0-alpha.0",
        "css-loader": "^5.2.7",
        "exports-loader": "^3.0.0",
        "file-loader": "^6.2.0",
        "globby": "^11.0.4",
        "lodash": "^4.17.21",
        "lodash-webpack-plugin": "^0.11.6",
        "sass": "^1.35.2",
        "sass-loader": "^12.1.0",
        "source-map-loader": "^3.0.0",
        "string-replace-loader": "^3.0.3",
        "vue-loader": "^15.9.8",
        "vue-style-loader": "^4.1.3",
        "vue-template-babel-compiler": "^1.0.8",
        "vue-template-compiler": "^2.6.14",
        "webpack": "^5.65.0",
        "webpack-dev-middleware": "^5.0.0",
        "webpack-hot-middleware": "^2.25.0"
      },
      "engines": {
        "node": ">=14.8.0"
      }
    },
    "../doop-db": {
      "version": "1.0.0",
      "license": "MIT",
      "workspaces": [
        "../*"
      ],
      "dependencies": {
        "@momsfriendlydevco/mongoosy": "^1.4.1",
        "lodash": "^4.17.21"
      }
    },
    "../doop-debug": {
      "version": "1.0.4",
      "license": "MIT",
      "workspaces": [
        "../*"
      ],
      "dependencies": {
        "@momsfriendlydevco/email": "^2.3.5",
        "debug": "^4.3.3",
        "gulp": "^4.0.2",
        "lodash": "^4.17.21"
      }
    },
    "../doop-deploy": {
      "version": "0.0.11",
      "license": "MIT",
      "workspaces": [
        "../*"
      ],
      "dependencies": {
        "@momsfriendlydevco/exec": "^1.5.8",
        "@momsfriendlydevco/template": "^1.1.2",
        "chalk": "^4.1.2",
        "commander": "^8.2.0",
        "commander-extras": "^1.1.6",
        "enquirer": "^2.3.6",
        "globby": "^11.0.4",
        "lodash": "^4.17.21",
        "semver": "^7.3.5"
      },
      "bin": {
        "doop-deploy": "app.js"
      },
      "engines": {
        "node": ">=14.8.0"
      }
    },
    "../doop-digest": {
      "version": "1.0.1",
      "license": "MIT",
      "workspaces": [
        "../*"
      ]
    },
    "../doop-directive-jump": {
      "version": "1.1.3",
      "license": "MIT",
      "workspaces": [
        "../*"
      ],
      "dependencies": {
        "@doop/debug": "^1.0.4"
      }
    },
    "../doop-dirty-checker": {
      "version": "1.0.0",
      "license": "MIT",
      "workspaces": [
        "../*"
      ]
    },
    "../doop-docs": {
      "version": "0.0.3",
      "license": "MIT",
      "workspaces": [
        "../*"
      ],
      "dependencies": {
        "globby": "^11.0.3",
        "lodash": "^4.17.21",
        "pluralize": "^8.0.0",
        "shins": "^2.6.0",
        "widdershins": "git+https://github.com/MomsFriendlyDevCo/widdershins.git#feat-multiresponse"
      }
    },
    "../doop-drag-drop": {
      "version": "1.0.1",
      "license": "MIT",
      "workspaces": [
        "../*"
      ]
    },
    "../doop-emit": {
      "version": "1.0.0",
      "license": "MIT",
      "workspaces": [
        "../*"
      ]
    },
    "../doop-eval": {
      "version": "1.0.0",
      "license": "MIT",
      "workspaces": [
        "../*"
      ]
    },
    "../doop-files": {
      "version": "1.0.4",
      "license": "MIT",
      "workspaces": [
        "../*"
      ],
      "dependencies": {
        "@doop/debug": "^1.0.4",
        "lodash": "^4.17.21",
        "multer": "^1.4.4",
        "os": "^0.1.2"
      }
    },
    "../doop-git": {
      "version": "1.0.3",
      "license": "MIT",
      "workspaces": [
        "../*"
      ],
      "dependencies": {
        "@momsfriendlydevco/exec": "^1.5.8",
        "@momsfriendlydevco/gulpy": "^1.4.3",
        "child_process": "^1.0.2",
        "debug": "^4.3.3",
        "fs": "^0.0.1-security",
        "hashed-release-name": "^1.0.1",
        "lodash": "^4.17.21"
      }
    },
    "../doop-http": {
      "version": "1.0.0",
      "license": "MIT",
      "workspaces": [
        "../*"
      ],
      "dependencies": {
        "axios": "^0.24.0"
      }
    },
    "../doop-lifecycle": {
      "version": "1.0.0",
      "license": "MIT",
      "workspaces": [
        "../*"
      ]
    },
    "../doop-loader": {
      "version": "1.0.0",
      "license": "MIT",
      "workspaces": [
        "../*"
      ]
    },
    "../doop-locking": {
      "version": "1.0.1",
      "license": "MIT",
      "workspaces": [
        "../*"
      ],
      "dependencies": {
        "@momsfriendlydevco/gulpy": "^1.4.3",
        "@momsfriendlydevco/lock": "^1.2.16",
        "debug": "^4.3.3"
      }
    },
    "../doop-lodash": {
      "version": "1.0.0",
      "license": "MIT",
      "workspaces": [
        "../*"
      ],
      "dependencies": {
        "lodash": "^4.17.21"
      }
    },
    "../doop-log-change": {
      "version": "1.0.0",
      "license": "MIT",
      "workspaces": [
        "../*"
      ]
    },
    "../doop-oid": {
      "version": "1.0.0",
      "license": "MIT",
      "workspaces": [
        "../*"
      ]
    },
    "../doop-permissions": {
      "version": "1.0.2",
      "license": "MIT",
      "workspaces": [
        "../*"
      ],
      "dependencies": {
        "@doop/debug": "^1.0.4",
        "lodash": "^4.17.21",
        "sift": "^15.1.3"
      }
    },
    "../doop-polyfills": {
      "version": "1.0.1",
      "license": "MIT",
      "workspaces": [
        "../*"
      ],
      "dependencies": {
        "chalk": "^4.1.0",
        "dumper.js": "^1.3.1"
      }
    },
    "../doop-prompt": {
      "version": "1.0.0",
      "license": "MIT",
      "workspaces": [
        "../*"
      ]
    },
    "../doop-pub-sub": {
      "version": "1.0.0",
      "license": "MIT",
      "workspaces": [
        "../*"
      ]
    },
    "../doop-replace": {
      "version": "1.0.0",
      "license": "MIT",
      "workspaces": [
        "../*"
      ],
      "dependencies": {
        "lodash": "^4.17.21"
      }
    },
    "../doop-router": {
      "version": "1.0.0",
      "license": "MIT",
      "workspaces": [
        "../*"
      ]
    },
    "../doop-screen": {
      "version": "1.0.0",
      "license": "MIT",
      "workspaces": [
        "../*"
      ]
    },
    "../doop-search": {
      "version": "1.0.2",
      "license": "MIT",
      "workspaces": [
        "../*"
      ],
      "dependencies": {
        "@doop/debug": "^1.0.4",
        "@momsfriendlydevco/gulpy": "^1.4.3",
        "debug": "^4.3.3",
        "lodash": "^4.17.21",
        "string-split-by": "^1.0.0"
      }
    },
    "../doop-service-components": {
      "version": "1.1.0",
      "license": "MIT",
      "workspaces": [
        "../*"
      ]
    },
    "../doop-slack": {
      "version": "1.0.0",
      "license": "MIT",
      "workspaces": [
        "../*"
      ],
      "dependencies": {
        "@momsfriendlydevco/gulpy": "^1.4.3",
        "@slack/web-api": "^6.5.1",
        "debug": "^4.3.3"
      }
    },
    "../doop-throttle": {
      "version": "1.0.0",
      "license": "MIT",
      "workspaces": [
        "../*"
      ],
      "dependencies": {
        "@momsfriendlydevco/express-middleware-throttle": "^0.0.4",
        "@momsfriendlydevco/throttle": "^0.0.4"
      }
    },
    "../doop-timeout": {
      "version": "1.0.1",
      "license": "MIT",
      "workspaces": [
        "../*"
      ]
    },
    "../doop-timeseries-chart": {
      "version": "1.0.6",
      "license": "MIT",
      "workspaces": [
        "../*"
      ],
      "dependencies": {
        "d3": "^7.2.0",
        "lodash": "^4.17.21",
        "moment": "^2.29.1",
        "timestring": "^6.0.0",
        "vue": "^2.6.14"
      }
    },
    "../doop-timestamps": {
      "version": "1.0.0",
      "license": "MIT",
      "workspaces": [
        "../*"
      ],
      "dependencies": {
        "lodash": "^4.17.21"
      }
    },
    "../doop-transitions": {
      "version": "1.0.0",
      "license": "MIT",
      "workspaces": [
        "../*"
      ]
    },
    "../doop-watch-all": {
      "version": "1.0.0",
      "license": "MIT",
      "workspaces": [
        "../*"
      ]
    },
    "node_modules/@doop/avatar": {
      "resolved": "../doop-avatar",
      "link": true
    },
    "node_modules/@doop/clipboard": {
      "resolved": "../doop-clipboard",
      "link": true
    },
    "node_modules/@doop/code-alloc": {
      "resolved": "../doop-code-alloc",
      "link": true
    },
    "node_modules/@doop/config": {
      "resolved": "../doop-config",
      "link": true
    },
    "node_modules/@doop/core-vue": {
      "resolved": "../doop-core-vue",
      "link": true
    },
    "node_modules/@doop/db": {
      "resolved": "../doop-db",
      "link": true
    },
    "node_modules/@doop/debug": {
      "resolved": "../doop-debug",
      "link": true
    },
    "node_modules/@doop/deploy": {
      "resolved": "../doop-deploy",
      "link": true
    },
    "node_modules/@doop/digest": {
      "resolved": "../doop-digest",
      "link": true
    },
    "node_modules/@doop/directive-jump": {
      "resolved": "../doop-directive-jump",
      "link": true
    },
    "node_modules/@doop/dirty-checker": {
      "resolved": "../doop-dirty-checker",
      "link": true
    },
    "node_modules/@doop/docs": {
      "resolved": "../doop-docs",
      "link": true
    },
    "node_modules/@doop/drag-drop": {
      "resolved": "../doop-drag-drop",
      "link": true
    },
    "node_modules/@doop/emit": {
      "resolved": "../doop-emit",
      "link": true
    },
    "node_modules/@doop/eval": {
      "resolved": "../doop-eval",
      "link": true
    },
    "node_modules/@doop/files": {
      "resolved": "../doop-files",
      "link": true
    },
    "node_modules/@doop/git": {
      "resolved": "../doop-git",
      "link": true
    },
    "node_modules/@doop/http": {
      "resolved": "../doop-http",
      "link": true
    },
    "node_modules/@doop/lifecycle": {
      "resolved": "../doop-lifecycle",
      "link": true
    },
    "node_modules/@doop/loader": {
      "resolved": "../doop-loader",
      "link": true
    },
    "node_modules/@doop/locking": {
      "resolved": "../doop-locking",
      "link": true
    },
    "node_modules/@doop/lodash": {
      "resolved": "../doop-lodash",
      "link": true
    },
    "node_modules/@doop/log-change": {
      "resolved": "../doop-log-change",
      "link": true
    },
    "node_modules/@doop/oid": {
      "resolved": "../doop-oid",
      "link": true
    },
    "node_modules/@doop/permissions": {
      "resolved": "../doop-permissions",
      "link": true
    },
    "node_modules/@doop/polyfills": {
      "resolved": "../doop-polyfills",
      "link": true
    },
    "node_modules/@doop/prompt": {
      "resolved": "../doop-prompt",
      "link": true
    },
    "node_modules/@doop/pub-sub": {
      "resolved": "../doop-pub-sub",
      "link": true
    },
    "node_modules/@doop/replace": {
      "resolved": "../doop-replace",
      "link": true
    },
    "node_modules/@doop/router": {
      "resolved": "../doop-router",
      "link": true
    },
    "node_modules/@doop/screen": {
      "resolved": "../doop-screen",
      "link": true
    },
    "node_modules/@doop/search": {
      "resolved": "../doop-search",
      "link": true
    },
    "node_modules/@doop/service-components": {
      "resolved": "../doop-service-components",
      "link": true
    },
    "node_modules/@doop/slack": {
      "resolved": "../doop-slack",
      "link": true
    },
    "node_modules/@doop/throttle": {
      "resolved": "../doop-throttle",
      "link": true
    },
    "node_modules/@doop/timeout": {
      "resolved": "../doop-timeout",
      "link": true
    },
    "node_modules/@doop/timeseries-chart": {
      "resolved": "../doop-timeseries-chart",
      "link": true
    },
    "node_modules/@doop/timestamps": {
      "resolved": "../doop-timestamps",
      "link": true
    },
    "node_modules/@doop/transitions": {
      "resolved": "../doop-transitions",
      "link": true
    },
    "node_modules/@doop/validate": {
      "resolved": "",
      "link": true
    },
    "node_modules/@doop/watch-all": {
      "resolved": "../doop-watch-all",
      "link": true
    }
  },
  "dependencies": {
    "@doop/avatar": {
      "version": "file:../doop-avatar",
      "requires": {
        "@doop/files": "^1.0.2",
        "jscrypto": "^1.0.3"
      }
    },
    "@doop/clipboard": {
      "version": "file:../doop-clipboard"
    },
    "@doop/code-alloc": {
      "version": "file:../doop-code-alloc",
      "requires": {
        "@momsfriendlydevco/mongoosy": "^1.4.1",
        "handlebars": "^4.7.7",
        "lodash": "^4.17.21"
      }
    },
    "@doop/config": {
      "version": "file:../doop-config"
    },
    "@doop/core-vue": {
      "version": "file:../doop-core-vue",
      "requires": {
        "babel-loader": "^8.2.2",
        "clean-webpack-plugin": "^4.0.0-alpha.0",
        "css-loader": "^5.2.7",
        "exports-loader": "^3.0.0",
        "file-loader": "^6.2.0",
        "globby": "^11.0.4",
        "lodash": "^4.17.21",
        "lodash-webpack-plugin": "^0.11.6",
        "sass": "^1.35.2",
        "sass-loader": "^12.1.0",
        "source-map-loader": "^3.0.0",
        "string-replace-loader": "^3.0.3",
        "vue-loader": "^15.9.8",
        "vue-style-loader": "^4.1.3",
        "vue-template-babel-compiler": "^1.0.8",
        "vue-template-compiler": "^2.6.14",
        "webpack": "^5.65.0",
        "webpack-dev-middleware": "^5.0.0",
        "webpack-hot-middleware": "^2.25.0"
      }
    },
    "@doop/db": {
      "version": "file:../doop-db",
      "requires": {
        "@momsfriendlydevco/mongoosy": "^1.4.1",
        "lodash": "^4.17.21"
      }
    },
    "@doop/debug": {
      "version": "file:../doop-debug",
      "requires": {
        "@momsfriendlydevco/email": "^2.3.5",
        "debug": "^4.3.3",
        "gulp": "^4.0.2",
        "lodash": "^4.17.21"
      }
    },
    "@doop/deploy": {
      "version": "file:../doop-deploy",
      "requires": {
        "@momsfriendlydevco/exec": "^1.5.8",
        "@momsfriendlydevco/template": "^1.1.2",
        "chalk": "^4.1.2",
        "commander": "^8.2.0",
        "commander-extras": "^1.1.6",
        "enquirer": "^2.3.6",
        "globby": "^11.0.4",
        "lodash": "^4.17.21",
        "semver": "^7.3.5"
      }
    },
    "@doop/digest": {
      "version": "file:../doop-digest"
    },
    "@doop/directive-jump": {
      "version": "file:../doop-directive-jump",
      "requires": {
        "@doop/debug": "^1.0.4"
      }
    },
    "@doop/dirty-checker": {
      "version": "file:../doop-dirty-checker"
    },
    "@doop/docs": {
      "version": "file:../doop-docs",
      "requires": {
        "globby": "^11.0.3",
        "lodash": "^4.17.21",
        "pluralize": "^8.0.0",
        "shins": "^2.6.0",
        "widdershins": "git+https://github.com/MomsFriendlyDevCo/widdershins.git#feat-multiresponse"
      }
    },
    "@doop/drag-drop": {
      "version": "file:../doop-drag-drop"
    },
    "@doop/emit": {
      "version": "file:../doop-emit"
    },
    "@doop/eval": {
      "version": "file:../doop-eval"
    },
    "@doop/files": {
      "version": "file:../doop-files",
      "requires": {
        "@doop/debug": "^1.0.4",
        "lodash": "^4.17.21",
        "multer": "^1.4.4",
        "os": "^0.1.2"
      }
    },
    "@doop/git": {
      "version": "file:../doop-git",
      "requires": {
        "@momsfriendlydevco/exec": "^1.5.8",
        "@momsfriendlydevco/gulpy": "^1.4.3",
        "child_process": "^1.0.2",
        "debug": "^4.3.3",
        "fs": "^0.0.1-security",
        "hashed-release-name": "^1.0.1",
        "lodash": "^4.17.21"
      }
    },
    "@doop/http": {
      "version": "file:../doop-http",
      "requires": {
        "axios": "^0.24.0"
      }
    },
    "@doop/lifecycle": {
      "version": "file:../doop-lifecycle"
    },
    "@doop/loader": {
      "version": "file:../doop-loader"
    },
    "@doop/locking": {
      "version": "file:../doop-locking",
      "requires": {
        "@momsfriendlydevco/gulpy": "^1.4.3",
        "@momsfriendlydevco/lock": "^1.2.16",
        "debug": "^4.3.3"
      }
    },
    "@doop/lodash": {
      "version": "file:../doop-lodash",
      "requires": {
        "lodash": "^4.17.21"
      }
    },
    "@doop/log-change": {
      "version": "file:../doop-log-change"
    },
    "@doop/oid": {
      "version": "file:../doop-oid"
    },
    "@doop/permissions": {
      "version": "file:../doop-permissions",
      "requires": {
        "@doop/debug": "^1.0.4",
        "lodash": "^4.17.21",
        "sift": "^15.1.3"
      }
    },
    "@doop/polyfills": {
      "version": "file:../doop-polyfills",
      "requires": {
        "chalk": "^4.1.0",
        "dumper.js": "^1.3.1"
      }
    },
    "@doop/prompt": {
      "version": "file:../doop-prompt"
    },
    "@doop/pub-sub": {
      "version": "file:../doop-pub-sub"
    },
    "@doop/replace": {
      "version": "file:../doop-replace",
      "requires": {
        "lodash": "^4.17.21"
      }
    },
    "@doop/router": {
      "version": "file:../doop-router"
    },
    "@doop/screen": {
      "version": "file:../doop-screen"
    },
    "@doop/search": {
      "version": "file:../doop-search",
      "requires": {
        "@doop/debug": "^1.0.4",
        "@momsfriendlydevco/gulpy": "^1.4.3",
        "debug": "^4.3.3",
        "lodash": "^4.17.21",
        "string-split-by": "^1.0.0"
      }
    },
    "@doop/service-components": {
      "version": "file:../doop-service-components"
    },
    "@doop/slack": {
      "version": "file:../doop-slack",
      "requires": {
        "@momsfriendlydevco/gulpy": "^1.4.3",
        "@slack/web-api": "^6.5.1",
        "debug": "^4.3.3"
      }
    },
    "@doop/throttle": {
      "version": "file:../doop-throttle",
      "requires": {
        "@momsfriendlydevco/express-middleware-throttle": "^0.0.4",
        "@momsfriendlydevco/throttle": "^0.0.4"
      }
    },
    "@doop/timeout": {
      "version": "file:../doop-timeout"
    },
    "@doop/timeseries-chart": {
      "version": "file:../doop-timeseries-chart",
      "requires": {
        "d3": "^7.2.0",
        "lodash": "^4.17.21",
        "moment": "^2.29.1",
        "timestring": "^6.0.0",
        "vue": "^2.6.14"
      }
    },
    "@doop/timestamps": {
      "version": "file:../doop-timestamps",
      "requires": {
        "lodash": "^4.17.21"
      }
    },
    "@doop/transitions": {
      "version": "file:../doop-transitions"
    },
    "@doop/validate": {
      "version": "file:",
      "requires": {
        "@doop/avatar": "file:../doop-avatar",
        "@doop/clipboard": "file:../doop-clipboard",
        "@doop/code-alloc": "file:../doop-code-alloc",
        "@doop/config": "file:../doop-config",
        "@doop/core-vue": "file:../doop-core-vue",
        "@doop/db": "file:../doop-db",
        "@doop/debug": "file:../doop-debug",
        "@doop/deploy": "file:../doop-deploy",
        "@doop/digest": "file:../doop-digest",
        "@doop/directive-jump": "file:../doop-directive-jump",
        "@doop/dirty-checker": "file:../doop-dirty-checker",
        "@doop/docs": "file:../doop-docs",
        "@doop/drag-drop": "file:../doop-drag-drop",
        "@doop/emit": "file:../doop-emit",
        "@doop/eval": "file:../doop-eval",
        "@doop/files": "file:../doop-files",
        "@doop/git": "file:../doop-git",
        "@doop/http": "file:../doop-http",
        "@doop/lifecycle": "file:../doop-lifecycle",
        "@doop/loader": "file:../doop-loader",
        "@doop/locking": "file:../doop-locking",
        "@doop/lodash": "file:../doop-lodash",
        "@doop/log-change": "file:../doop-log-change",
        "@doop/oid": "file:../doop-oid",
        "@doop/permissions": "file:../doop-permissions",
        "@doop/polyfills": "file:../doop-polyfills",
        "@doop/prompt": "file:../doop-prompt",
        "@doop/pub-sub": "file:../doop-pub-sub",
        "@doop/replace": "file:../doop-replace",
        "@doop/router": "file:../doop-router",
        "@doop/screen": "file:../doop-screen",
        "@doop/search": "file:../doop-search",
        "@doop/service-components": "file:../doop-service-components",
        "@doop/slack": "file:../doop-slack",
        "@doop/throttle": "file:../doop-throttle",
        "@doop/timeout": "file:../doop-timeout",
        "@doop/timeseries-chart": "file:../doop-timeseries-chart",
        "@doop/timestamps": "file:../doop-timestamps",
        "@doop/transitions": "file:../doop-transitions",
        "@doop/validate": "file:",
        "@doop/watch-all": "file:../doop-watch-all"
      },
      "dependencies": {
        "@doop/avatar": {
          "version": "file:../doop-avatar",
          "requires": {
            "@doop/files": "^1.0.2",
            "jscrypto": "^1.0.3"
          }
        },
        "@doop/clipboard": {
          "version": "file:../doop-clipboard"
        },
        "@doop/code-alloc": {
          "version": "file:../doop-code-alloc",
          "requires": {
            "@momsfriendlydevco/mongoosy": "^1.4.1",
            "handlebars": "^4.7.7",
            "lodash": "^4.17.21"
          }
        },
        "@doop/config": {
          "version": "file:../doop-config"
        },
        "@doop/core-vue": {
          "version": "file:../doop-core-vue",
          "requires": {
            "babel-loader": "^8.2.2",
            "clean-webpack-plugin": "^4.0.0-alpha.0",
            "css-loader": "^5.2.7",
            "exports-loader": "^3.0.0",
            "file-loader": "^6.2.0",
            "globby": "^11.0.4",
            "lodash": "^4.17.21",
            "lodash-webpack-plugin": "^0.11.6",
            "sass": "^1.35.2",
            "sass-loader": "^12.1.0",
            "source-map-loader": "^3.0.0",
            "string-replace-loader": "^3.0.3",
            "vue-loader": "^15.9.8",
            "vue-style-loader": "^4.1.3",
            "vue-template-babel-compiler": "^1.0.8",
            "vue-template-compiler": "^2.6.14",
            "webpack": "^5.65.0",
            "webpack-dev-middleware": "^5.0.0",
            "webpack-hot-middleware": "^2.25.0"
          }
        },
        "@doop/db": {
          "version": "file:../doop-db",
          "requires": {
            "@momsfriendlydevco/mongoosy": "^1.4.1",
            "lodash": "^4.17.21"
          }
        },
        "@doop/debug": {
          "version": "file:../doop-debug",
          "requires": {
            "@momsfriendlydevco/email": "^2.3.5",
            "debug": "^4.3.3",
            "gulp": "^4.0.2",
            "lodash": "^4.17.21"
          }
        },
        "@doop/deploy": {
          "version": "file:../doop-deploy",
          "requires": {
            "@momsfriendlydevco/exec": "^1.5.8",
            "@momsfriendlydevco/template": "^1.1.2",
            "chalk": "^4.1.2",
            "commander": "^8.2.0",
            "commander-extras": "^1.1.6",
            "enquirer": "^2.3.6",
            "globby": "^11.0.4",
            "lodash": "^4.17.21",
            "semver": "^7.3.5"
          }
        },
        "@doop/digest": {
          "version": "file:../doop-digest"
        },
        "@doop/directive-jump": {
          "version": "file:../doop-directive-jump",
          "requires": {
            "@doop/debug": "^1.0.4"
          }
        },
        "@doop/dirty-checker": {
          "version": "file:../doop-dirty-checker"
        },
        "@doop/docs": {
          "version": "file:../doop-docs",
          "requires": {
            "globby": "^11.0.3",
            "lodash": "^4.17.21",
            "pluralize": "^8.0.0",
            "shins": "^2.6.0",
            "widdershins": "git+https://github.com/MomsFriendlyDevCo/widdershins.git#feat-multiresponse"
          }
        },
        "@doop/drag-drop": {
          "version": "file:../doop-drag-drop"
        },
        "@doop/emit": {
          "version": "file:../doop-emit"
        },
        "@doop/eval": {
          "version": "file:../doop-eval"
        },
        "@doop/files": {
          "version": "file:../doop-files",
          "requires": {
            "@doop/debug": "^1.0.4",
            "lodash": "^4.17.21",
            "multer": "^1.4.4",
            "os": "^0.1.2"
          }
        },
        "@doop/git": {
          "version": "file:../doop-git",
          "requires": {
            "@momsfriendlydevco/exec": "^1.5.8",
            "@momsfriendlydevco/gulpy": "^1.4.3",
            "child_process": "^1.0.2",
            "debug": "^4.3.3",
            "fs": "^0.0.1-security",
            "hashed-release-name": "^1.0.1",
            "lodash": "^4.17.21"
          }
        },
        "@doop/http": {
          "version": "file:../doop-http",
          "requires": {
            "axios": "^0.24.0"
          }
        },
        "@doop/lifecycle": {
          "version": "file:../doop-lifecycle"
        },
        "@doop/loader": {
          "version": "file:../doop-loader"
        },
        "@doop/locking": {
          "version": "file:../doop-locking",
          "requires": {
            "@momsfriendlydevco/gulpy": "^1.4.3",
            "@momsfriendlydevco/lock": "^1.2.16",
            "debug": "^4.3.3"
          }
        },
        "@doop/lodash": {
          "version": "file:../doop-lodash",
          "requires": {
            "lodash": "^4.17.21"
          }
        },
        "@doop/log-change": {
          "version": "file:../doop-log-change"
        },
        "@doop/oid": {
          "version": "file:../doop-oid"
        },
        "@doop/permissions": {
          "version": "file:../doop-permissions",
          "requires": {
            "@doop/debug": "^1.0.4",
            "lodash": "^4.17.21",
            "sift": "^15.1.3"
          }
        },
        "@doop/polyfills": {
          "version": "file:../doop-polyfills",
          "requires": {
            "chalk": "^4.1.0",
            "dumper.js": "^1.3.1"
          }
        },
        "@doop/prompt": {
          "version": "file:../doop-prompt"
        },
        "@doop/pub-sub": {
          "version": "file:../doop-pub-sub"
        },
        "@doop/replace": {
          "version": "file:../doop-replace",
          "requires": {
            "lodash": "^4.17.21"
          }
        },
        "@doop/router": {
          "version": "file:../doop-router"
        },
        "@doop/screen": {
          "version": "file:../doop-screen"
        },
        "@doop/search": {
          "version": "file:../doop-search",
          "requires": {
            "@doop/debug": "^1.0.4",
            "@momsfriendlydevco/gulpy": "^1.4.3",
            "debug": "^4.3.3",
            "lodash": "^4.17.21",
            "string-split-by": "^1.0.0"
          }
        },
        "@doop/service-components": {
          "version": "file:../doop-service-components"
        },
        "@doop/slack": {
          "version": "file:../doop-slack",
          "requires": {
            "@momsfriendlydevco/gulpy": "^1.4.3",
            "@slack/web-api": "^6.5.1",
            "debug": "^4.3.3"
          }
        },
        "@doop/throttle": {
          "version": "file:../doop-throttle",
          "requires": {
            "@momsfriendlydevco/express-middleware-throttle": "^0.0.4",
            "@momsfriendlydevco/throttle": "^0.0.4"
          }
        },
        "@doop/timeout": {
          "version": "file:../doop-timeout"
        },
        "@doop/timeseries-chart": {
          "version": "file:../doop-timeseries-chart",
          "requires": {
            "d3": "^7.2.0",
            "lodash": "^4.17.21",
            "moment": "^2.29.1",
            "timestring": "^6.0.0",
            "vue": "^2.6.14"
          }
        },
        "@doop/timestamps": {
          "version": "file:../doop-timestamps",
          "requires": {
            "lodash": "^4.17.21"
          }
        },
        "@doop/transitions": {
          "version": "file:../doop-transitions"
        },
        "@doop/watch-all": {
          "version": "file:../doop-watch-all"
        }
      }
    },
    "@doop/watch-all": {
      "version": "file:../doop-watch-all"
    }
  }
}
